
Microsoft Visual Studio Solution File, Format Version 12.00
# Visual Studio Version 16
VisualStudioVersion = 16.0.28803.202
MinimumVisualStudioVersion = 10.0.40219.1
Project("{FAE04EC0-301F-11D3-BF4B-00C04F79EFBC}") = "Sandbox", "Sandbox\Sandbox.csproj", "{2EBA2CF6-7520-4AD2-A708-A199D59236E3}"
EndProject
Global
	GlobalSection(SolutionConfigurationPlatforms) = preSolution
		Debug|Any CPU = Debug|Any CPU
		Release|Any CPU = Release|Any CPU
	EndGlobalSection
	GlobalSection(ProjectConfigurationPlatforms) = postSolution
		{2EBA2CF6-7520-4AD2-A708-A199D59236E3}.Debug|Any CPU.ActiveCfg = Debug|Any CPU
		{2EBA2CF6-7520-4AD2-A708-A199D59236E3}.Debug|Any CPU.Build.0 = Debug|Any CPU
		{2EBA2CF6-7520-4AD2-A708-A199D59236E3}.Release|Any CPU.ActiveCfg = Release|Any CPU
		{2EBA2CF6-7520-4AD2-A708-A199D59236E3}.Release|Any CPU.Build.0 = Release|Any CPU
	EndGlobalSection
	GlobalSection(SolutionProperties) = preSolution
		HideSolutionNode = FALSE
	EndGlobalSection
	GlobalSection(ExtensibilityGlobals) = postSolution
		SolutionGuid = {1CA290D8-4CD8-43CA-8386-8742335CF6C1}
	EndGlobalSection
EndGlobal
